// !$*UTF8*$!
{
	archiveVersion = 1;
	classes = {
	};
	objectVersion = 46;
	objects = {

/* Begin PBXBuildFile section */
		654D2E2E1CC5965100AC1DB8 /* AppDelegate.swift in Sources */ = {isa = PBXBuildFile; fileRef = 654D2E2D1CC5965100AC1DB8 /* AppDelegate.swift */; };
		654D2E311CC5965100AC1DB8 /* RSSFeed.xcdatamodeld in Sources */ = {isa = PBXBuildFile; fileRef = 654D2E2F1CC5965100AC1DB8 /* RSSFeed.xcdatamodeld */; };
		654D2E331CC5965100AC1DB8 /* MasterViewController.swift in Sources */ = {isa = PBXBuildFile; fileRef = 654D2E321CC5965100AC1DB8 /* MasterViewController.swift */; };
		654D2E351CC5965100AC1DB8 /* DetailViewController.swift in Sources */ = {isa = PBXBuildFile; fileRef = 654D2E341CC5965100AC1DB8 /* DetailViewController.swift */; };
		654D2E381CC5965100AC1DB8 /* Main.storyboard in Resources */ = {isa = PBXBuildFile; fileRef = 654D2E361CC5965100AC1DB8 /* Main.storyboard */; };
		654D2E3A1CC5965100AC1DB8 /* Assets.xcassets in Resources */ = {isa = PBXBuildFile; fileRef = 654D2E391CC5965100AC1DB8 /* Assets.xcassets */; };
		654D2E3D1CC5965100AC1DB8 /* LaunchScreen.storyboard in Resources */ = {isa = PBXBuildFile; fileRef = 654D2E3B1CC5965100AC1DB8 /* LaunchScreen.storyboard */; };
		654D2E481CC5965100AC1DB8 /* RSSFeedTests.swift in Sources */ = {isa = PBXBuildFile; fileRef = 654D2E471CC5965100AC1DB8 /* RSSFeedTests.swift */; };
		654D2E531CC5965100AC1DB8 /* RSSFeedUITests.swift in Sources */ = {isa = PBXBuildFile; fileRef = 654D2E521CC5965100AC1DB8 /* RSSFeedUITests.swift */; };
		655A386A1CC5D6EE006B04B0 /* RSSFeed.swift in Sources */ = {isa = PBXBuildFile; fileRef = 655A38691CC5D6EE006B04B0 /* RSSFeed.swift */; };
/* End PBXBuildFile section */

/* Begin PBXContainerItemProxy section */
		654D2E441CC5965100AC1DB8 /* PBXContainerItemProxy */ = {
			isa = PBXContainerItemProxy;
			containerPortal = 654D2E221CC5965100AC1DB8 /* Project object */;
			proxyType = 1;
			remoteGlobalIDString = 654D2E291CC5965100AC1DB8;
			remoteInfo = RSSFeed;
		};
		654D2E4F1CC5965100AC1DB8 /* PBXContainerItemProxy */ = {
			isa = PBXContainerItemProxy;
			containerPortal = 654D2E221CC5965100AC1DB8 /* Project object */;
			proxyType = 1;
			remoteGlobalIDString = 654D2E291CC5965100AC1DB8;
			remoteInfo = RSSFeed;
		};
/* End PBXContainerItemProxy section */

/* Begin PBXFileReference section */
		654D2E2A1CC5965100AC1DB8 /* RSSFeed.app */ = {isa = PBXFileReference; explicitFileType = wrapper.application; includeInIndex = 0; path = RSSFeed.app; sourceTree = BUILT_PRODUCTS_DIR; };
		654D2E2D1CC5965100AC1DB8 /* AppDelegate.swift */ = {isa = PBXFileReference; lastKnownFileType = sourcecode.swift; path = AppDelegate.swift; sourceTree = "<group>"; };
		654D2E301CC5965100AC1DB8 /* RSSFeed.xcdatamodel */ = {isa = PBXFileReference; lastKnownFileType = wrapper.xcdatamodel; path = RSSFeed.xcdatamodel; sourceTree = "<group>"; };
		654D2E321CC5965100AC1DB8 /* MasterViewController.swift */ = {isa = PBXFileReference; lastKnownFileType = sourcecode.swift; path = MasterViewController.swift; sourceTree = "<group>"; };
		654D2E341CC5965100AC1DB8 /* DetailViewController.swift */ = {isa = PBXFileReference; lastKnownFileType = sourcecode.swift; path = DetailViewController.swift; sourceTree = "<group>"; };
		654D2E371CC5965100AC1DB8 /* Base */ = {isa = PBXFileReference; lastKnownFileType = file.storyboard; name = Base; path = Base.lproj/Main.storyboard; sourceTree = "<group>"; };
		654D2E391CC5965100AC1DB8 /* Assets.xcassets */ = {isa = PBXFileReference; lastKnownFileType = folder.assetcatalog; path = Assets.xcassets; sourceTree = "<group>"; };
		654D2E3C1CC5965100AC1DB8 /* Base */ = {isa = PBXFileReference; lastKnownFileType = file.storyboard; name = Base; path = Base.lproj/LaunchScreen.storyboard; sourceTree = "<group>"; };
		654D2E3E1CC5965100AC1DB8 /* Info.plist */ = {isa = PBXFileReference; lastKnownFileType = text.plist.xml; path = Info.plist; sourceTree = "<group>"; };
		654D2E431CC5965100AC1DB8 /* RSSFeedTests.xctest */ = {isa = PBXFileReference; explicitFileType = wrapper.cfbundle; includeInIndex = 0; path = RSSFeedTests.xctest; sourceTree = BUILT_PRODUCTS_DIR; };
		654D2E471CC5965100AC1DB8 /* RSSFeedTests.swift */ = {isa = PBXFileReference; lastKnownFileType = sourcecode.swift; path = RSSFeedTests.swift; sourceTree = "<group>"; };
		654D2E491CC5965100AC1DB8 /* Info.plist */ = {isa = PBXFileReference; lastKnownFileType = text.plist.xml; path = Info.plist; sourceTree = "<group>"; };
		654D2E4E1CC5965100AC1DB8 /* RSSFeedUITests.xctest */ = {isa = PBXFileReference; explicitFileType = wrapper.cfbundle; includeInIndex = 0; path = RSSFeedUITests.xctest; sourceTree = BUILT_PRODUCTS_DIR; };
		654D2E521CC5965100AC1DB8 /* RSSFeedUITests.swift */ = {isa = PBXFileReference; lastKnownFileType = sourcecode.swift; path = RSSFeedUITests.swift; sourceTree = "<group>"; };
		654D2E541CC5965100AC1DB8 /* Info.plist */ = {isa = PBXFileReference; lastKnownFileType = text.plist.xml; path = Info.plist; sourceTree = "<group>"; };
		655A38691CC5D6EE006B04B0 /* RSSFeed.swift */ = {isa = PBXFileReference; fileEncoding = 4; lastKnownFileType = sourcecode.swift; path = RSSFeed.swift; sourceTree = "<group>"; };
/* End PBXFileReference section */

/* Begin PBXFrameworksBuildPhase section */
		654D2E271CC5965100AC1DB8 /* Frameworks */ = {
			isa = PBXFrameworksBuildPhase;
			buildActionMask = 2147483647;
			files = (
			);
			runOnlyForDeploymentPostprocessing = 0;
		};
		654D2E401CC5965100AC1DB8 /* Frameworks */ = {
			isa = PBXFrameworksBuildPhase;
			buildActionMask = 2147483647;
			files = (
			);
			runOnlyForDeploymentPostprocessing = 0;
		};
		654D2E4B1CC5965100AC1DB8 /* Frameworks */ = {
			isa = PBXFrameworksBuildPhase;
			buildActionMask = 2147483647;
			files = (
			);
			runOnlyForDeploymentPostprocessing = 0;
		};
/* End PBXFrameworksBuildPhase section */

/* Begin PBXGroup section */
		654D2E211CC5965100AC1DB8 = {
			isa = PBXGroup;
			children = (
				654D2E2C1CC5965100AC1DB8 /* RSSFeed */,
				654D2E461CC5965100AC1DB8 /* RSSFeedTests */,
				654D2E511CC5965100AC1DB8 /* RSSFeedUITests */,
				654D2E2B1CC5965100AC1DB8 /* Products */,
			);
			sourceTree = "<group>";
		};
		654D2E2B1CC5965100AC1DB8 /* Products */ = {
			isa = PBXGroup;
			children = (
				654D2E2A1CC5965100AC1DB8 /* RSSFeed.app */,
				654D2E431CC5965100AC1DB8 /* RSSFeedTests.xctest */,
				654D2E4E1CC5965100AC1DB8 /* RSSFeedUITests.xctest */,
			);
			name = Products;
			sourceTree = "<group>";
		};
		654D2E2C1CC5965100AC1DB8 /* RSSFeed */ = {
			isa = PBXGroup;
			children = (
				654D2E2D1CC5965100AC1DB8 /* AppDelegate.swift */,
				654D2E321CC5965100AC1DB8 /* MasterViewController.swift */,
				654D2E341CC5965100AC1DB8 /* DetailViewController.swift */,
				654D2E361CC5965100AC1DB8 /* Main.storyboard */,
				654D2E391CC5965100AC1DB8 /* Assets.xcassets */,
				654D2E3B1CC5965100AC1DB8 /* LaunchScreen.storyboard */,
				654D2E3E1CC5965100AC1DB8 /* Info.plist */,
				654D2E2F1CC5965100AC1DB8 /* RSSFeed.xcdatamodeld */,
				655A38691CC5D6EE006B04B0 /* RSSFeed.swift */,
			);
			path = RSSFeed;
			sourceTree = "<group>";
		};
		654D2E461CC5965100AC1DB8 /* RSSFeedTests */ = {
			isa = PBXGroup;
			children = (
				654D2E471CC5965100AC1DB8 /* RSSFeedTests.swift */,
				654D2E491CC5965100AC1DB8 /* Info.plist */,
			);
			path = RSSFeedTests;
			sourceTree = "<group>";
		};
		654D2E511CC5965100AC1DB8 /* RSSFeedUITests */ = {
			isa = PBXGroup;
			children = (
				654D2E521CC5965100AC1DB8 /* RSSFeedUITests.swift */,
				654D2E541CC5965100AC1DB8 /* Info.plist */,
			);
			path = RSSFeedUITests;
			sourceTree = "<group>";
		};
/* End PBXGroup section */

/* Begin PBXNativeTarget section */
		654D2E291CC5965100AC1DB8 /* RSSFeed */ = {
			isa = PBXNativeTarget;
			buildConfigurationList = 654D2E571CC5965100AC1DB8 /* Build configuration list for PBXNativeTarget "RSSFeed" */;
			buildPhases = (
				654D2E261CC5965100AC1DB8 /* Sources */,
				654D2E271CC5965100AC1DB8 /* Frameworks */,
				654D2E281CC5965100AC1DB8 /* Resources */,
			);
			buildRules = (
			);
			dependencies = (
			);
			name = RSSFeed;
			productName = RSSFeed;
			productReference = 654D2E2A1CC5965100AC1DB8 /* RSSFeed.app */;
			productType = "com.apple.product-type.application";
		};
		654D2E421CC5965100AC1DB8 /* RSSFeedTests */ = {
			isa = PBXNativeTarget;
			buildConfigurationList = 654D2E5A1CC5965100AC1DB8 /* Build configuration list for PBXNativeTarget "RSSFeedTests" */;
			buildPhases = (
				654D2E3F1CC5965100AC1DB8 /* Sources */,
				654D2E401CC5965100AC1DB8 /* Frameworks */,
				654D2E411CC5965100AC1DB8 /* Resources */,
			);
			buildRules = (
			);
			dependencies = (
				654D2E451CC5965100AC1DB8 /* PBXTargetDependency */,
			);
			name = RSSFeedTests;
			productName = RSSFeedTests;
			productReference = 654D2E431CC5965100AC1DB8 /* RSSFeedTests.xctest */;
			productType = "com.apple.product-type.bundle.unit-test";
		};
		654D2E4D1CC5965100AC1DB8 /* RSSFeedUITests */ = {
			isa = PBXNativeTarget;
			buildConfigurationList = 654D2E5D1CC5965100AC1DB8 /* Build configuration list for PBXNativeTarget "RSSFeedUITests" */;
			buildPhases = (
				654D2E4A1CC5965100AC1DB8 /* Sources */,
				654D2E4B1CC5965100AC1DB8 /* Frameworks */,
				654D2E4C1CC5965100AC1DB8 /* Resources */,
			);
			buildRules = (
			);
			dependencies = (
				654D2E501CC5965100AC1DB8 /* PBXTargetDependency */,
			);
			name = RSSFeedUITests;
			productName = RSSFeedUITests;
			productReference = 654D2E4E1CC5965100AC1DB8 /* RSSFeedUITests.xctest */;
			productType = "com.apple.product-type.bundle.ui-testing";
		};
/* End PBXNativeTarget section */

/* Begin PBXProject section */
		654D2E221CC5965100AC1DB8 /* Project object */ = {
			isa = PBXProject;
			attributes = {
				LastSwiftUpdateCheck = 0730;
				LastUpgradeCheck = 0730;
				ORGANIZATIONNAME = "Joshi, Vinayak (CAI - Atlanta-CON)";
				TargetAttributes = {
					654D2E291CC5965100AC1DB8 = {
						CreatedOnToolsVersion = 7.3;
					};
					654D2E421CC5965100AC1DB8 = {
						CreatedOnToolsVersion = 7.3;
						TestTargetID = 654D2E291CC5965100AC1DB8;
					};
					654D2E4D1CC5965100AC1DB8 = {
						CreatedOnToolsVersion = 7.3;
						TestTargetID = 654D2E291CC5965100AC1DB8;
					};
				};
			};
			buildConfigurationList = 654D2E251CC5965100AC1DB8 /* Build configuration list for PBXProject "RSSFeed" */;
			compatibilityVersion = "Xcode 3.2";
			developmentRegion = English;
			hasScannedForEncodings = 0;
			knownRegions = (
				en,
				Base,
			);
			mainGroup = 654D2E211CC5965100AC1DB8;
			productRefGroup = 654D2E2B1CC5965100AC1DB8 /* Products */;
			projectDirPath = "";
			projectRoot = "";
			targets = (
				654D2E291CC5965100AC1DB8 /* RSSFeed */,
				654D2E421CC5965100AC1DB8 /* RSSFeedTests */,
				654D2E4D1CC5965100AC1DB8 /* RSSFeedUITests */,
			);
		};
/* End PBXProject section */

/* Begin PBXResourcesBuildPhase section */
		654D2E281CC5965100AC1DB8 /* Resources */ = {
			isa = PBXResourcesBuildPhase;
			buildActionMask = 2147483647;
			files = (
				654D2E3D1CC5965100AC1DB8 /* LaunchScreen.storyboard in Resources */,
				654D2E3A1CC5965100AC1DB8 /* Assets.xcassets in Resources */,
				654D2E381CC5965100AC1DB8 /* Main.storyboard in Resources */,
			);
			runOnlyForDeploymentPostprocessing = 0;
		};
		654D2E411CC5965100AC1DB8 /* Resources */ = {
			isa = PBXResourcesBuildPhase;
			buildActionMask = 2147483647;
			files = (
			);
			runOnlyForDeploymentPostprocessing = 0;
		};
		654D2E4C1CC5965100AC1DB8 /* Resources */ = {
			isa = PBXResourcesBuildPhase;
			buildActionMask = 2147483647;
			files = (
			);
			runOnlyForDeploymentPostprocessing = 0;
		};
/* End PBXResourcesBuildPhase section */

/* Begin PBXSourcesBuildPhase section */
		654D2E261CC5965100AC1DB8 /* Sources */ = {
			isa = PBXSourcesBuildPhase;
			buildActionMask = 2147483647;
			files = (
				654D2E311CC5965100AC1DB8 /* RSSFeed.xcdatamodeld in Sources */,
				654D2E2E1CC5965100AC1DB8 /* AppDelegate.swift in Sources */,
				654D2E331CC5965100AC1DB8 /* MasterViewController.swift in Sources */,
				655A386A1CC5D6EE006B04B0 /* RSSFeed.swift in Sources */,
				654D2E351CC5965100AC1DB8 /* DetailViewController.swift in Sources */,
			);
			runOnlyForDeploymentPostprocessing = 0;
		};
		654D2E3F1CC5965100AC1DB8 /* Sources */ = {
			isa = PBXSourcesBuildPhase;
			buildActionMask = 2147483647;
			files = (
				654D2E481CC5965100AC1DB8 /* RSSFeedTests.swift in Sources */,
			);
			runOnlyForDeploymentPostprocessing = 0;
		};
		654D2E4A1CC5965100AC1DB8 /* Sources */ = {
			isa = PBXSourcesBuildPhase;
			buildActionMask = 2147483647;
			files = (
				654D2E531CC5965100AC1DB8 /* RSSFeedUITests.swift in Sources */,
			);
			runOnlyForDeploymentPostprocessing = 0;
		};
/* End PBXSourcesBuildPhase section */

/* Begin PBXTargetDependency section */
		654D2E451CC5965100AC1DB8 /* PBXTargetDependency */ = {
			isa = PBXTargetDependency;
			target = 654D2E291CC5965100AC1DB8 /* RSSFeed */;
			targetProxy = 654D2E441CC5965100AC1DB8 /* PBXContainerItemProxy */;
		};
		654D2E501CC5965100AC1DB8 /* PBXTargetDependency */ = {
			isa = PBXTargetDependency;
			target = 654D2E291CC5965100AC1DB8 /* RSSFeed */;
			targetProxy = 654D2E4F1CC5965100AC1DB8 /* PBXContainerItemProxy */;
		};
/* End PBXTargetDependency section */

/* Begin PBXVariantGroup section */
		654D2E361CC5965100AC1DB8 /* Main.storyboard */ = {
			isa = PBXVariantGroup;
			children = (
				654D2E371CC5965100AC1DB8 /* Base */,
			);
			name = Main.storyboard;
			sourceTree = "<group>";
		};
		654D2E3B1CC5965100AC1DB8 /* LaunchScreen.storyboard */ = {
			isa = PBXVariantGroup;
			children = (
				654D2E3C1CC5965100AC1DB8 /* Base */,
			);
			name = LaunchScreen.storyboard;
			sourceTree = "<group>";
		};
/* End PBXVariantGroup section */

/* Begin XCBuildConfiguration section */
		654D2E551CC5965100AC1DB8 /* Debug */ = {
			isa = XCBuildConfiguration;
			buildSettings = {
				ALWAYS_SEARCH_USER_PATHS = NO;
				CLANG_ANALYZER_NONNULL = YES;
				CLANG_CXX_LANGUAGE_STANDARD = "gnu++0x";
				CLANG_CXX_LIBRARY = "libc++";
				CLANG_ENABLE_MODULES = YES;
				CLANG_ENABLE_OBJC_ARC = YES;
				CLANG_WARN_BOOL_CONVERSION = YES;
				CLANG_WARN_CONSTANT_CONVERSION = YES;
				CLANG_WARN_DIRECT_OBJC_ISA_USAGE = YES_ERROR;
				CLANG_WARN_EMPTY_BODY = YES;
				CLANG_WARN_ENUM_CONVERSION = YES;
				CLANG_WARN_INT_CONVERSION = YES;
				CLANG_WARN_OBJC_ROOT_CLASS = YES_ERROR;
				CLANG_WARN_UNREACHABLE_CODE = YES;
				CLANG_WARN__DUPLICATE_METHOD_MATCH = YES;
				"CODE_SIGN_IDENTITY[sdk=iphoneos*]" = "iPhone Developer";
				COPY_PHASE_STRIP = NO;
				DEBUG_INFORMATION_FORMAT = dwarf;
				ENABLE_STRICT_OBJC_MSGSEND = YES;
				ENABLE_TESTABILITY = YES;
				GCC_C_LANGUAGE_STANDARD = gnu99;
				GCC_DYNAMIC_NO_PIC = NO;
				GCC_NO_COMMON_BLOCKS = YES;
				GCC_OPTIMIZATION_LEVEL = 0;
				GCC_PREPROCESSOR_DEFINITIONS = (
					"DEBUG=1",
					"$(inherited)",
				);
				GCC_WARN_64_TO_32_BIT_CONVERSION = YES;
				GCC_WARN_ABOUT_RETURN_TYPE = YES_ERROR;
				GCC_WARN_UNDECLARED_SELECTOR = YES;
				GCC_WARN_UNINITIALIZED_AUTOS = YES_AGGRESSIVE;
				GCC_WARN_UNUSED_FUNCTION = YES;
				GCC_WARN_UNUSED_VARIABLE = YES;
				IPHONEOS_DEPLOYMENT_TARGET = 9.3;
				MTL_ENABLE_DEBUG_INFO = YES;
				ONLY_ACTIVE_ARCH = YES;
				SDKROOT = iphoneos;
				SWIFT_OPTIMIZATION_LEVEL = "-Onone";
				TARGETED_DEVICE_FAMILY = "1,2";
			};
			name = Debug;
		};
		654D2E561CC5965100AC1DB8 /* Release */ = {
			isa = XCBuildConfiguration;
			buildSettings = {
				ALWAYS_SEARCH_USER_PATHS = NO;
				CLANG_ANALYZER_NONNULL = YES;
				CLANG_CXX_LANGUAGE_STANDARD = "gnu++0x";
				CLANG_CXX_LIBRARY = "libc++";
				CLANG_ENABLE_MODULES = YES;
				CLANG_ENABLE_OBJC_ARC = YES;
				CLANG_WARN_BOOL_CONVERSION = YES;
				CLANG_WARN_CONSTANT_CONVERSION = YES;
				CLANG_WARN_DIRECT_OBJC_ISA_USAGE = YES_ERROR;
				CLANG_WARN_EMPTY_BODY = YES;
				CLANG_WARN_ENUM_CONVERSION = YES;
				CLANG_WARN_INT_CONVERSION = YES;
				CLANG_WARN_OBJC_ROOT_CLASS = YES_ERROR;
				CLANG_WARN_UNREACHABLE_CODE = YES;
				CLANG_WARN__DUPLICATE_METHOD_MATCH = YES;
				"CODE_SIGN_IDENTITY[sdk=iphoneos*]" = "iPhone Developer";
				COPY_PHASE_STRIP = NO;
				DEBUG_INFORMATION_FORMAT = "dwarf-with-dsym";
				ENABLE_NS_ASSERTIONS = NO;
				ENABLE_STRICT_OBJC_MSGSEND = YES;
				GCC_C_LANGUAGE_STANDARD = gnu99;
				GCC_NO_COMMON_BLOCKS = YES;
				GCC_WARN_64_TO_32_BIT_CONVERSION = YES;
				GCC_WARN_ABOUT_RETURN_TYPE = YES_ERROR;
				GCC_WARN_UNDECLARED_SELECTOR = YES;
				GCC_WARN_UNINITIALIZED_AUTOS = YES_AGGRESSIVE;
				GCC_WARN_UNUSED_FUNCTION = YES;
				GCC_WARN_UNUSED_VARIABLE = YES;
				IPHONEOS_DEPLOYMENT_TARGET = 9.3;
				MTL_ENABLE_DEBUG_INFO = NO;
				SDKROOT = iphoneos;
				TARGETED_DEVICE_FAMILY = "1,2";
				VALIDATE_PRODUCT = YES;
			};
			name = Release;
		};
		654D2E581CC5965100AC1DB8 /* Debug */ = {
			isa = XCBuildConfiguration;
			buildSettings = {
				ASSETCATALOG_COMPILER_APPICON_NAME = AppIcon;
				INFOPLIST_FILE = RSSFeed/Info.plist;
				LD_RUNPATH_SEARCH_PATHS = "$(inherited) @executable_path/Frameworks";
				PRODUCT_BUNDLE_IDENTIFIER = test.RSSFeed;
				PRODUCT_NAME = "$(TARGET_NAME)";
			};
			name = Debug;
		};
		654D2E591CC5965100AC1DB8 /* Release */ = {
			isa = XCBuildConfiguration;
			buildSettings = {
				ASSETCATALOG_COMPILER_APPICON_NAME = AppIcon;
				INFOPLIST_FILE = RSSFeed/Info.plist;
				LD_RUNPATH_SEARCH_PATHS = "$(inherited) @executable_path/Frameworks";
				PRODUCT_BUNDLE_IDENTIFIER = test.RSSFeed;
				PRODUCT_NAME = "$(TARGET_NAME)";
			};
			name = Release;
		};
		654D2E5B1CC5965100AC1DB8 /* Debug */ = {
			isa = XCBuildConfiguration;
			buildSettings = {
				BUNDLE_LOADER = "$(TEST_HOST)";
				INFOPLIST_FILE = RSSFeedTests/Info.plist;
				LD_RUNPATH_SEARCH_PATHS = "$(inherited) @executable_path/Frameworks @loader_path/Frameworks";
				PRODUCT_BUNDLE_IDENTIFIER = test.RSSFeedTests;
				PRODUCT_NAME = "$(TARGET_NAME)";
				TEST_HOST = "$(BUILT_PRODUCTS_DIR)/RSSFeed.app/RSSFeed";
			};
			name = Debug;
		};
		654D2E5C1CC5965100AC1DB8 /* Release */ = {
			isa = XCBuildConfiguration;
			buildSettings = {
				BUNDLE_LOADER = "$(TEST_HOST)";
				INFOPLIST_FILE = RSSFeedTests/Info.plist;
				LD_RUNPATH_SEARCH_PATHS = "$(inherited) @executable_path/Frameworks @loader_path/Frameworks";
				PRODUCT_BUNDLE_IDENTIFIER = test.RSSFeedTests;
				PRODUCT_NAME = "$(TARGET_NAME)";
				TEST_HOST = "$(BUILT_PRODUCTS_DIR)/RSSFeed.app/RSSFeed";
			};
			name = Release;
		};
		654D2E5E1CC5965100AC1DB8 /* Debug */ = {
			isa = XCBuildConfiguration;
			buildSettings = {
				INFOPLIST_FILE = RSSFeedUITests/Info.plist;
				LD_RUNPATH_SEARCH_PATHS = "$(inherited) @executable_path/Frameworks @loader_path/Frameworks";
				PRODUCT_BUNDLE_IDENTIFIER = test.RSSFeedUITests;
				PRODUCT_NAME = "$(TARGET_NAME)";
				TEST_TARGET_NAME = RSSFeed;
			};
			name = Debug;
		};
		654D2E5F1CC5965100AC1DB8 /* Release */ = {
			isa = XCBuildConfiguration;
			buildSettings = {
				INFOPLIST_FILE = RSSFeedUITests/Info.plist;
				LD_RUNPATH_SEARCH_PATHS = "$(inherited) @executable_path/Frameworks @loader_path/Frameworks";
				PRODUCT_BUNDLE_IDENTIFIER = test.RSSFeedUITests;
				PRODUCT_NAME = "$(TARGET_NAME)";
				TEST_TARGET_NAME = RSSFeed;
			};
			name = Release;
		};
/* End XCBuildConfiguration section */

/* Begin XCConfigurationList section */
		654D2E251CC5965100AC1DB8 /* Build configuration list for PBXProject "RSSFeed" */ = {
			isa = XCConfigurationList;
			buildConfigurations = (
				654D2E551CC5965100AC1DB8 /* Debug */,
				654D2E561CC5965100AC1DB8 /* Release */,
			);
			defaultConfigurationIsVisible = 0;
			defaultConfigurationName = Release;
		};
		654D2E571CC5965100AC1DB8 /* Build configuration list for PBXNativeTarget "RSSFeed" */ = {
			isa = XCConfigurationList;
			buildConfigurations = (
				654D2E581CC5965100AC1DB8 /* Debug */,
				654D2E591CC5965100AC1DB8 /* Release */,
			);
			defaultConfigurationIsVisible = 0;
			defaultConfigurationName = Release;
		};
		654D2E5A1CC5965100AC1DB8 /* Build configuration list for PBXNativeTarget "RSSFeedTests" */ = {
			isa = XCConfigurationList;
			buildConfigurations = (
				654D2E5B1CC5965100AC1DB8 /* Debug */,
				654D2E5C1CC5965100AC1DB8 /* Release */,
			);
			defaultConfigurationIsVisible = 0;
			defaultConfigurationName = Release;
		};
		654D2E5D1CC5965100AC1DB8 /* Build configuration list for PBXNativeTarget "RSSFeedUITests" */ = {
			isa = XCConfigurationList;
			buildConfigurations = (
				654D2E5E1CC5965100AC1DB8 /* Debug */,
				654D2E5F1CC5965100AC1DB8 /* Release */,
			);
			defaultConfigurationIsVisible = 0;
			defaultConfigurationName = Release;
		};
/* End XCConfigurationList section */

/* Begin XCVersionGroup section */
		654D2E2F1CC5965100AC1DB8 /* RSSFeed.xcdatamodeld */ = {
			isa = XCVersionGroup;
			children = (
				654D2E301CC5965100AC1DB8 /* RSSFeed.xcdatamodel */,
			);
			currentVersion = 654D2E301CC5965100AC1DB8 /* RSSFeed.xcdatamodel */;
			path = RSSFeed.xcdatamodeld;
			sourceTree = "<group>";
			versionGroupType = wrapper.xcdatamodel;
		};
/* End XCVersionGroup section */
	};
	rootObject = 654D2E221CC5965100AC1DB8 /* Project object */;
}
